
Microsoft Visual Studio Solution File, Format Version 12.00
# Visual Studio Version 17
VisualStudioVersion = 17.13.35825.156
MinimumVisualStudioVersion = 10.0.40219.1
Project("{FAE04EC0-301F-11D3-BF4B-00C04F79EFBC}") = "proiect", "proiect.csproj", "{2C44DFF0-772E-45B6-949B-DD9220399437}"
EndProject
Project("{FAE04EC0-301F-11D3-BF4B-00C04F79EFBC}") = "FarmacieModele", "..\FarmacieModele\FarmacieModele.csproj", "{F764D2D5-6AA8-4837-BEA0-DCC91D6720EA}"
EndProject
Project("{FAE04EC0-301F-11D3-BF4B-00C04F79EFBC}") = "Farmacie_Interfata", "..\Farmacie_Interfata\Farmacie_Interfata.csproj", "{7547DFF9-3179-43D2-8E74-39F38E6CDA0D}"
EndProject
Global
	GlobalSection(SolutionConfigurationPlatforms) = preSolution
		Debug|Any CPU = Debug|Any CPU
		Release|Any CPU = Release|Any CPU
	EndGlobalSection
	GlobalSection(ProjectConfigurationPlatforms) = postSolution
		{2C44DFF0-772E-45B6-949B-DD9220399437}.Debug|Any CPU.ActiveCfg = Debug|Any CPU
		{2C44DFF0-772E-45B6-949B-DD9220399437}.Debug|Any CPU.Build.0 = Debug|Any CPU
		{2C44DFF0-772E-45B6-949B-DD9220399437}.Release|Any CPU.ActiveCfg = Release|Any CPU
		{2C44DFF0-772E-45B6-949B-DD9220399437}.Release|Any CPU.Build.0 = Release|Any CPU
		{F764D2D5-6AA8-4837-BEA0-DCC91D6720EA}.Debug|Any CPU.ActiveCfg = Debug|Any CPU
		{F764D2D5-6AA8-4837-BEA0-DCC91D6720EA}.Debug|Any CPU.Build.0 = Debug|Any CPU
		{F764D2D5-6AA8-4837-BEA0-DCC91D6720EA}.Release|Any CPU.ActiveCfg = Release|Any CPU
		{F764D2D5-6AA8-4837-BEA0-DCC91D6720EA}.Release|Any CPU.Build.0 = Release|Any CPU
		{7547DFF9-3179-43D2-8E74-39F38E6CDA0D}.Debug|Any CPU.ActiveCfg = Debug|Any CPU
		{7547DFF9-3179-43D2-8E74-39F38E6CDA0D}.Debug|Any CPU.Build.0 = Debug|Any CPU
		{7547DFF9-3179-43D2-8E74-39F38E6CDA0D}.Release|Any CPU.ActiveCfg = Release|Any CPU
		{7547DFF9-3179-43D2-8E74-39F38E6CDA0D}.Release|Any CPU.Build.0 = Release|Any CPU
	EndGlobalSection
	GlobalSection(SolutionProperties) = preSolution
		HideSolutionNode = FALSE
	EndGlobalSection
	GlobalSection(ExtensibilityGlobals) = postSolution
		SolutionGuid = {CCBA5B9A-85D3-4421-9274-BA4ED0E1E47A}
	EndGlobalSection
EndGlobal
